
Microsoft Visual Studio Solution File, Format Version 12.00
# Visual Studio Version 16
VisualStudioVersion = 16.0.29102.190
MinimumVisualStudioVersion = 15.0.26124.0
Project("{2150E333-8FDC-42A3-9474-1A3956D46DE8}") = "src", "src", "{4C307771-CC83-4BFF-BF43-D31BFBC3E316}"
EndProject
Project("{2150E333-8FDC-42A3-9474-1A3956D46DE8}") = "Services", "Services", "{47EFF42C-C53F-4C25-B1F6-8F5175681966}"
EndProject
Project("{2150E333-8FDC-42A3-9474-1A3956D46DE8}") = "Contacts Service", "Contacts Service", "{24CB84B8-35DD-4F26-B908-C368347CE834}"
EndProject
Project("{9A19103F-16F7-4668-BE54-9A1E7A4F7556}") = "Contacts.API", "src\Services\Contacts Service\Contacts.API\Contacts.API.csproj", "{585EAB70-4D9C-4BC1-8EED-2481D1F05742}"
EndProject
Project("{2150E333-8FDC-42A3-9474-1A3956D46DE8}") = "Notes Service", "Notes Service", "{77762702-1E84-46D0-82B1-3E11D3156789}"
EndProject
Project("{2150E333-8FDC-42A3-9474-1A3956D46DE8}") = "Events Service", "Events Service", "{C92DC04E-7EC2-40E7-A187-F7E128424E90}"
EndProject
Project("{9A19103F-16F7-4668-BE54-9A1E7A4F7556}") = "Events.API", "src\Services\Events Service\Events.API\Events.API.csproj", "{9AB913AD-C389-4897-B791-F803D631B1D9}"
EndProject
Project("{9A19103F-16F7-4668-BE54-9A1E7A4F7556}") = "Notes.API", "src\Services\Notes Service\Notes.API\Notes.API.csproj", "{9F2F00A9-BF32-4D43-8E27-B643838AA24C}"
EndProject
Project("{2150E333-8FDC-42A3-9474-1A3956D46DE8}") = "test", "test", "{5A097A34-1732-4C5A-9E8A-4D8AE52D13EC}"
EndProject
Project("{2150E333-8FDC-42A3-9474-1A3956D46DE8}") = "Common", "Common", "{46E2E65A-FB03-47C8-BC14-3F364F2F56F5}"
EndProject
Project("{2150E333-8FDC-42A3-9474-1A3956D46DE8}") = "Gateway", "Gateway", "{3103EC03-7EA9-4FDD-B0D0-00890714A995}"
EndProject
Project("{9A19103F-16F7-4668-BE54-9A1E7A4F7556}") = "MyDiary.API", "src\Common\MyDiary.API\MyDiary.API.csproj", "{1FDD3A4E-BE9D-43CE-8C8D-742FAE28A514}"
EndProject
Project("{2150E333-8FDC-42A3-9474-1A3956D46DE8}") = "Services", "Services", "{316D5257-0F94-45D0-8726-FC0767A1EA00}"
EndProject
Project("{2150E333-8FDC-42A3-9474-1A3956D46DE8}") = "Contacts Service", "Contacts Service", "{24BF7CC0-2AEE-4F7F-98A0-B81FFD494A80}"
EndProject
Project("{9A19103F-16F7-4668-BE54-9A1E7A4F7556}") = "Contacts.API.Test", "test\Services\Contacts Service\Contacts.API.Test\Contacts.API.Test.csproj", "{924091C8-62BA-4524-B327-0F5AC668CE3A}"
EndProject
Project("{FAE04EC0-301F-11D3-BF4B-00C04F79EFBC}") = "Ocelot.ApiGateway", "src\Gateway\Ocelot.ApiGateway\Ocelot.ApiGateway.csproj", "{3093E91C-87A5-4FEB-B9C2-211D14F5D68E}"
EndProject
Global
	GlobalSection(SolutionConfigurationPlatforms) = preSolution
		Debug|Any CPU = Debug|Any CPU
		Release|Any CPU = Release|Any CPU
	EndGlobalSection
	GlobalSection(ProjectConfigurationPlatforms) = postSolution
		{585EAB70-4D9C-4BC1-8EED-2481D1F05742}.Debug|Any CPU.ActiveCfg = Debug|Any CPU
		{585EAB70-4D9C-4BC1-8EED-2481D1F05742}.Debug|Any CPU.Build.0 = Debug|Any CPU
		{585EAB70-4D9C-4BC1-8EED-2481D1F05742}.Release|Any CPU.ActiveCfg = Release|Any CPU
		{585EAB70-4D9C-4BC1-8EED-2481D1F05742}.Release|Any CPU.Build.0 = Release|Any CPU
		{9AB913AD-C389-4897-B791-F803D631B1D9}.Debug|Any CPU.ActiveCfg = Debug|Any CPU
		{9AB913AD-C389-4897-B791-F803D631B1D9}.Debug|Any CPU.Build.0 = Debug|Any CPU
		{9AB913AD-C389-4897-B791-F803D631B1D9}.Release|Any CPU.ActiveCfg = Release|Any CPU
		{9AB913AD-C389-4897-B791-F803D631B1D9}.Release|Any CPU.Build.0 = Release|Any CPU
		{9F2F00A9-BF32-4D43-8E27-B643838AA24C}.Debug|Any CPU.ActiveCfg = Debug|Any CPU
		{9F2F00A9-BF32-4D43-8E27-B643838AA24C}.Debug|Any CPU.Build.0 = Debug|Any CPU
		{9F2F00A9-BF32-4D43-8E27-B643838AA24C}.Release|Any CPU.ActiveCfg = Release|Any CPU
		{9F2F00A9-BF32-4D43-8E27-B643838AA24C}.Release|Any CPU.Build.0 = Release|Any CPU
		{1FDD3A4E-BE9D-43CE-8C8D-742FAE28A514}.Debug|Any CPU.ActiveCfg = Debug|Any CPU
		{1FDD3A4E-BE9D-43CE-8C8D-742FAE28A514}.Debug|Any CPU.Build.0 = Debug|Any CPU
		{1FDD3A4E-BE9D-43CE-8C8D-742FAE28A514}.Release|Any CPU.ActiveCfg = Release|Any CPU
		{1FDD3A4E-BE9D-43CE-8C8D-742FAE28A514}.Release|Any CPU.Build.0 = Release|Any CPU
		{924091C8-62BA-4524-B327-0F5AC668CE3A}.Debug|Any CPU.ActiveCfg = Debug|Any CPU
		{924091C8-62BA-4524-B327-0F5AC668CE3A}.Debug|Any CPU.Build.0 = Debug|Any CPU
		{924091C8-62BA-4524-B327-0F5AC668CE3A}.Release|Any CPU.ActiveCfg = Release|Any CPU
		{924091C8-62BA-4524-B327-0F5AC668CE3A}.Release|Any CPU.Build.0 = Release|Any CPU
		{3093E91C-87A5-4FEB-B9C2-211D14F5D68E}.Debug|Any CPU.ActiveCfg = Debug|Any CPU
		{3093E91C-87A5-4FEB-B9C2-211D14F5D68E}.Debug|Any CPU.Build.0 = Debug|Any CPU
		{3093E91C-87A5-4FEB-B9C2-211D14F5D68E}.Release|Any CPU.ActiveCfg = Release|Any CPU
		{3093E91C-87A5-4FEB-B9C2-211D14F5D68E}.Release|Any CPU.Build.0 = Release|Any CPU
	EndGlobalSection
	GlobalSection(SolutionProperties) = preSolution
		HideSolutionNode = FALSE
	EndGlobalSection
	GlobalSection(NestedProjects) = preSolution
		{47EFF42C-C53F-4C25-B1F6-8F5175681966} = {4C307771-CC83-4BFF-BF43-D31BFBC3E316}
		{24CB84B8-35DD-4F26-B908-C368347CE834} = {47EFF42C-C53F-4C25-B1F6-8F5175681966}
		{585EAB70-4D9C-4BC1-8EED-2481D1F05742} = {24CB84B8-35DD-4F26-B908-C368347CE834}
		{77762702-1E84-46D0-82B1-3E11D3156789} = {47EFF42C-C53F-4C25-B1F6-8F5175681966}
		{C92DC04E-7EC2-40E7-A187-F7E128424E90} = {47EFF42C-C53F-4C25-B1F6-8F5175681966}
		{9AB913AD-C389-4897-B791-F803D631B1D9} = {C92DC04E-7EC2-40E7-A187-F7E128424E90}
		{9F2F00A9-BF32-4D43-8E27-B643838AA24C} = {77762702-1E84-46D0-82B1-3E11D3156789}
		{46E2E65A-FB03-47C8-BC14-3F364F2F56F5} = {4C307771-CC83-4BFF-BF43-D31BFBC3E316}
		{3103EC03-7EA9-4FDD-B0D0-00890714A995} = {4C307771-CC83-4BFF-BF43-D31BFBC3E316}
		{1FDD3A4E-BE9D-43CE-8C8D-742FAE28A514} = {46E2E65A-FB03-47C8-BC14-3F364F2F56F5}
		{316D5257-0F94-45D0-8726-FC0767A1EA00} = {5A097A34-1732-4C5A-9E8A-4D8AE52D13EC}
		{24BF7CC0-2AEE-4F7F-98A0-B81FFD494A80} = {316D5257-0F94-45D0-8726-FC0767A1EA00}
		{924091C8-62BA-4524-B327-0F5AC668CE3A} = {24BF7CC0-2AEE-4F7F-98A0-B81FFD494A80}
		{3093E91C-87A5-4FEB-B9C2-211D14F5D68E} = {3103EC03-7EA9-4FDD-B0D0-00890714A995}
	EndGlobalSection
	GlobalSection(ExtensibilityGlobals) = postSolution
		SolutionGuid = {645E1132-FEA9-478B-A58F-5B4ADCE65991}
	EndGlobalSection
EndGlobal
